
Microsoft Visual Studio Solution File, Format Version 12.00
# Visual Studio Version 17
VisualStudioVersion = 17.9.34518.117
MinimumVisualStudioVersion = 10.0.40219.1
Project("{9A19103F-16F7-4668-BE54-9A1E7A4F7556}") = "NavGraph", "NavGraph.csproj", "{B5177EFE-FD4B-4D10-9591-9BEED43B0FC5}"
EndProject
Project("{9A19103F-16F7-4668-BE54-9A1E7A4F7556}") = "AdminPanelCLI", "..\AdminPanelCLI\AdminPanelCLI.csproj", "{F7393CD2-69C0-4677-98BE-2286085D04A5}"
EndProject
Project("{9A19103F-16F7-4668-BE54-9A1E7A4F7556}") = "WinForms", "..\WinForms\WinForms.csproj", "{7BE8CEFA-16FF-4603-936A-12C972FE0461}"
EndProject
Project("{9A19103F-16F7-4668-BE54-9A1E7A4F7556}") = "Path_erTesterCLI", "..\Path_erTesterCLI\Path_erTesterCLI.csproj", "{AF11B59C-7588-456B-9A7C-804B9E4D3C82}"
EndProject
Global
	GlobalSection(SolutionConfigurationPlatforms) = preSolution
		Debug|Any CPU = Debug|Any CPU
		Debug|x64 = Debug|x64
		Release|Any CPU = Release|Any CPU
		Release|x64 = Release|x64
	EndGlobalSection
	GlobalSection(ProjectConfigurationPlatforms) = postSolution
		{B5177EFE-FD4B-4D10-9591-9BEED43B0FC5}.Debug|Any CPU.ActiveCfg = Debug|Any CPU
		{B5177EFE-FD4B-4D10-9591-9BEED43B0FC5}.Debug|Any CPU.Build.0 = Debug|Any CPU
		{B5177EFE-FD4B-4D10-9591-9BEED43B0FC5}.Debug|x64.ActiveCfg = Debug|x64
		{B5177EFE-FD4B-4D10-9591-9BEED43B0FC5}.Debug|x64.Build.0 = Debug|x64
		{B5177EFE-FD4B-4D10-9591-9BEED43B0FC5}.Release|Any CPU.ActiveCfg = Release|Any CPU
		{B5177EFE-FD4B-4D10-9591-9BEED43B0FC5}.Release|Any CPU.Build.0 = Release|Any CPU
		{B5177EFE-FD4B-4D10-9591-9BEED43B0FC5}.Release|x64.ActiveCfg = Release|x64
		{B5177EFE-FD4B-4D10-9591-9BEED43B0FC5}.Release|x64.Build.0 = Release|x64
		{6FCBE956-5C91-4790-A84D-3006F06354B4}.Debug|Any CPU.ActiveCfg = Debug|Any CPU
		{6FCBE956-5C91-4790-A84D-3006F06354B4}.Debug|Any CPU.Build.0 = Debug|Any CPU
		{6FCBE956-5C91-4790-A84D-3006F06354B4}.Debug|x64.ActiveCfg = Debug|Any CPU
		{6FCBE956-5C91-4790-A84D-3006F06354B4}.Debug|x64.Build.0 = Debug|Any CPU
		{6FCBE956-5C91-4790-A84D-3006F06354B4}.Release|Any CPU.ActiveCfg = Release|Any CPU
		{6FCBE956-5C91-4790-A84D-3006F06354B4}.Release|Any CPU.Build.0 = Release|Any CPU
		{6FCBE956-5C91-4790-A84D-3006F06354B4}.Release|x64.ActiveCfg = Release|Any CPU
		{6FCBE956-5C91-4790-A84D-3006F06354B4}.Release|x64.Build.0 = Release|Any CPU
		{F7393CD2-69C0-4677-98BE-2286085D04A5}.Debug|Any CPU.ActiveCfg = Debug|Any CPU
		{F7393CD2-69C0-4677-98BE-2286085D04A5}.Debug|Any CPU.Build.0 = Debug|Any CPU
		{F7393CD2-69C0-4677-98BE-2286085D04A5}.Debug|x64.ActiveCfg = Debug|Any CPU
		{F7393CD2-69C0-4677-98BE-2286085D04A5}.Debug|x64.Build.0 = Debug|Any CPU
		{F7393CD2-69C0-4677-98BE-2286085D04A5}.Release|Any CPU.ActiveCfg = Release|Any CPU
		{F7393CD2-69C0-4677-98BE-2286085D04A5}.Release|Any CPU.Build.0 = Release|Any CPU
		{F7393CD2-69C0-4677-98BE-2286085D04A5}.Release|x64.ActiveCfg = Release|Any CPU
		{F7393CD2-69C0-4677-98BE-2286085D04A5}.Release|x64.Build.0 = Release|Any CPU
		{7BE8CEFA-16FF-4603-936A-12C972FE0461}.Debug|Any CPU.ActiveCfg = Debug|Any CPU
		{7BE8CEFA-16FF-4603-936A-12C972FE0461}.Debug|Any CPU.Build.0 = Debug|Any CPU
		{7BE8CEFA-16FF-4603-936A-12C972FE0461}.Debug|x64.ActiveCfg = Debug|Any CPU
		{7BE8CEFA-16FF-4603-936A-12C972FE0461}.Debug|x64.Build.0 = Debug|Any CPU
		{7BE8CEFA-16FF-4603-936A-12C972FE0461}.Release|Any CPU.ActiveCfg = Release|Any CPU
		{7BE8CEFA-16FF-4603-936A-12C972FE0461}.Release|Any CPU.Build.0 = Release|Any CPU
		{7BE8CEFA-16FF-4603-936A-12C972FE0461}.Release|x64.ActiveCfg = Release|Any CPU
		{7BE8CEFA-16FF-4603-936A-12C972FE0461}.Release|x64.Build.0 = Release|Any CPU
		{AF11B59C-7588-456B-9A7C-804B9E4D3C82}.Debug|Any CPU.ActiveCfg = Debug|Any CPU
		{AF11B59C-7588-456B-9A7C-804B9E4D3C82}.Debug|Any CPU.Build.0 = Debug|Any CPU
		{AF11B59C-7588-456B-9A7C-804B9E4D3C82}.Debug|x64.ActiveCfg = Debug|Any CPU
		{AF11B59C-7588-456B-9A7C-804B9E4D3C82}.Debug|x64.Build.0 = Debug|Any CPU
		{AF11B59C-7588-456B-9A7C-804B9E4D3C82}.Release|Any CPU.ActiveCfg = Release|Any CPU
		{AF11B59C-7588-456B-9A7C-804B9E4D3C82}.Release|Any CPU.Build.0 = Release|Any CPU
		{AF11B59C-7588-456B-9A7C-804B9E4D3C82}.Release|x64.ActiveCfg = Release|Any CPU
		{AF11B59C-7588-456B-9A7C-804B9E4D3C82}.Release|x64.Build.0 = Release|Any CPU
	EndGlobalSection
	GlobalSection(SolutionProperties) = preSolution
		HideSolutionNode = FALSE
	EndGlobalSection
	GlobalSection(ExtensibilityGlobals) = postSolution
		SolutionGuid = {A83E5E71-453E-4E57-BA28-E40FBDC838CA}
	EndGlobalSection
EndGlobal
