
Microsoft Visual Studio Solution File, Format Version 12.00
# Visual Studio Version 17
VisualStudioVersion = 17.10.34825.169
MinimumVisualStudioVersion = 10.0.40219.1
Project("{FAE04EC0-301F-11D3-BF4B-00C04F79EFBC}") = "NavGraphReader", "NavGraphReader.csproj", "{58489F22-BF24-4C38-8656-7F3AD088065C}"
EndProject
Global
	GlobalSection(SolutionConfigurationPlatforms) = preSolution
		Debug|Any CPU = Debug|Any CPU
		Release|Any CPU = Release|Any CPU
	EndGlobalSection
	GlobalSection(ProjectConfigurationPlatforms) = postSolution
		{58489F22-BF24-4C38-8656-7F3AD088065C}.Debug|Any CPU.ActiveCfg = Debug|Any CPU
		{58489F22-BF24-4C38-8656-7F3AD088065C}.Debug|Any CPU.Build.0 = Debug|Any CPU
		{58489F22-BF24-4C38-8656-7F3AD088065C}.Release|Any CPU.ActiveCfg = Release|Any CPU
		{58489F22-BF24-4C38-8656-7F3AD088065C}.Release|Any CPU.Build.0 = Release|Any CPU
	EndGlobalSection
	GlobalSection(SolutionProperties) = preSolution
		HideSolutionNode = FALSE
	EndGlobalSection
	GlobalSection(ExtensibilityGlobals) = postSolution
		SolutionGuid = {6AC7A64A-DE87-462B-8CE6-03209D005BF0}
	EndGlobalSection
EndGlobal
